
Microsoft Visual Studio Solution File, Format Version 12.00
# Visual Studio Version 17
VisualStudioVersion = 17.2.32630.192
MinimumVisualStudioVersion = 10.0.40219.1
Project("{FAE04EC0-301F-11D3-BF4B-00C04F79EFBC}") = "task001", "task001\task001.csproj", "{6677CCBF-7E6A-4ADE-8740-46F4AE75528E}"
EndProject
Global
	GlobalSection(SolutionConfigurationPlatforms) = preSolution
		Debug|Any CPU = Debug|Any CPU
		Release|Any CPU = Release|Any CPU
	EndGlobalSection
	GlobalSection(ProjectConfigurationPlatforms) = postSolution
		{6677CCBF-7E6A-4ADE-8740-46F4AE75528E}.Debug|Any CPU.ActiveCfg = Debug|Any CPU
		{6677CCBF-7E6A-4ADE-8740-46F4AE75528E}.Debug|Any CPU.Build.0 = Debug|Any CPU
		{6677CCBF-7E6A-4ADE-8740-46F4AE75528E}.Release|Any CPU.ActiveCfg = Release|Any CPU
		{6677CCBF-7E6A-4ADE-8740-46F4AE75528E}.Release|Any CPU.Build.0 = Release|Any CPU
	EndGlobalSection
	GlobalSection(SolutionProperties) = preSolution
		HideSolutionNode = FALSE
	EndGlobalSection
	GlobalSection(ExtensibilityGlobals) = postSolution
		SolutionGuid = {B792AC97-EE9C-45E9-B342-3F0F939FBBB9}
	EndGlobalSection
EndGlobal
